
Microsoft Visual Studio Solution File, Format Version 12.00
# Visual Studio Version 16
VisualStudioVersion = 16.0.31624.102
MinimumVisualStudioVersion = 10.0.40219.1
Project("{FAE04EC0-301F-11D3-BF4B-00C04F79EFBC}") = "ConsoleApp3", "ConsoleApp3\ConsoleApp3.csproj", "{E1C1A884-C051-4337-A247-C3555B559CC3}"
EndProject
Global
	GlobalSection(SolutionConfigurationPlatforms) = preSolution
		Debug|Any CPU = Debug|Any CPU
		Release|Any CPU = Release|Any CPU
	EndGlobalSection
	GlobalSection(ProjectConfigurationPlatforms) = postSolution
		{E1C1A884-C051-4337-A247-C3555B559CC3}.Debug|Any CPU.ActiveCfg = Debug|Any CPU
		{E1C1A884-C051-4337-A247-C3555B559CC3}.Debug|Any CPU.Build.0 = Debug|Any CPU
		{E1C1A884-C051-4337-A247-C3555B559CC3}.Release|Any CPU.ActiveCfg = Release|Any CPU
		{E1C1A884-C051-4337-A247-C3555B559CC3}.Release|Any CPU.Build.0 = Release|Any CPU
	EndGlobalSection
	GlobalSection(SolutionProperties) = preSolution
		HideSolutionNode = FALSE
	EndGlobalSection
	GlobalSection(ExtensibilityGlobals) = postSolution
		SolutionGuid = {C09F338F-9303-4AED-BF1D-DCCCB4AFD24C}
	EndGlobalSection
EndGlobal
